
Microsoft Visual Studio Solution File, Format Version 12.00
# Visual Studio Version 17
VisualStudioVersion = 17.9.34616.47
MinimumVisualStudioVersion = 10.0.40219.1
Project("{FAE04EC0-301F-11D3-BF4B-00C04F79EFBC}") = "VendorStoreAppBackend", "VendorStoreAppBackend\VendorStoreAppBackend.csproj", "{2FECA025-F273-4E5A-923F-AF5E15153679}"
EndProject
Global
	GlobalSection(SolutionConfigurationPlatforms) = preSolution
		Debug|Any CPU = Debug|Any CPU
		Release|Any CPU = Release|Any CPU
	EndGlobalSection
	GlobalSection(ProjectConfigurationPlatforms) = postSolution
		{2FECA025-F273-4E5A-923F-AF5E15153679}.Debug|Any CPU.ActiveCfg = Debug|Any CPU
		{2FECA025-F273-4E5A-923F-AF5E15153679}.Debug|Any CPU.Build.0 = Debug|Any CPU
		{2FECA025-F273-4E5A-923F-AF5E15153679}.Release|Any CPU.ActiveCfg = Release|Any CPU
		{2FECA025-F273-4E5A-923F-AF5E15153679}.Release|Any CPU.Build.0 = Release|Any CPU
	EndGlobalSection
	GlobalSection(SolutionProperties) = preSolution
		HideSolutionNode = FALSE
	EndGlobalSection
	GlobalSection(ExtensibilityGlobals) = postSolution
		SolutionGuid = {D427AAF4-FEE5-4AFA-80F3-EA8EF0821534}
	EndGlobalSection
EndGlobal
